
Microsoft Visual Studio Solution File, Format Version 12.00
# Visual Studio 15
VisualStudioVersion = 15.0.28307.489
MinimumVisualStudioVersion = 10.0.40219.1
Project("{FAE04EC0-301F-11D3-BF4B-00C04F79EFBC}") = "FTPPasswordDecryptionApplication", "FTPPasswordDecryptionApplication\FTPPasswordDecryptionApplication.csproj", "{C4169602-F6AE-4772-A67C-38E944F04BB5}"
EndProject
Global
	GlobalSection(SolutionConfigurationPlatforms) = preSolution
		Debug|Any CPU = Debug|Any CPU
		Release|Any CPU = Release|Any CPU
	EndGlobalSection
	GlobalSection(ProjectConfigurationPlatforms) = postSolution
		{C4169602-F6AE-4772-A67C-38E944F04BB5}.Debug|Any CPU.ActiveCfg = Debug|Any CPU
		{C4169602-F6AE-4772-A67C-38E944F04BB5}.Debug|Any CPU.Build.0 = Debug|Any CPU
		{C4169602-F6AE-4772-A67C-38E944F04BB5}.Release|Any CPU.ActiveCfg = Release|Any CPU
		{C4169602-F6AE-4772-A67C-38E944F04BB5}.Release|Any CPU.Build.0 = Release|Any CPU
	EndGlobalSection
	GlobalSection(SolutionProperties) = preSolution
		HideSolutionNode = FALSE
	EndGlobalSection
	GlobalSection(ExtensibilityGlobals) = postSolution
		SolutionGuid = {30F02920-D00E-42F7-AFC8-05FFF24ADE64}
	EndGlobalSection
EndGlobal
